
Microsoft Visual Studio Solution File, Format Version 12.00
# Visual Studio Version 16
VisualStudioVersion = 16.0.30517.126
MinimumVisualStudioVersion = 10.0.40219.1
Project("{FAE04EC0-301F-11D3-BF4B-00C04F79EFBC}") = "RozetkaTestSelenium", "RozetkaTestSelenium\RozetkaTestSelenium.csproj", "{FC7FFB1A-F446-494C-8B3D-34B0C4F33508}"
EndProject
Global
	GlobalSection(SolutionConfigurationPlatforms) = preSolution
		Debug|Any CPU = Debug|Any CPU
		Release|Any CPU = Release|Any CPU
	EndGlobalSection
	GlobalSection(ProjectConfigurationPlatforms) = postSolution
		{FC7FFB1A-F446-494C-8B3D-34B0C4F33508}.Debug|Any CPU.ActiveCfg = Debug|Any CPU
		{FC7FFB1A-F446-494C-8B3D-34B0C4F33508}.Debug|Any CPU.Build.0 = Debug|Any CPU
		{FC7FFB1A-F446-494C-8B3D-34B0C4F33508}.Release|Any CPU.ActiveCfg = Release|Any CPU
		{FC7FFB1A-F446-494C-8B3D-34B0C4F33508}.Release|Any CPU.Build.0 = Release|Any CPU
	EndGlobalSection
	GlobalSection(SolutionProperties) = preSolution
		HideSolutionNode = FALSE
	EndGlobalSection
	GlobalSection(ExtensibilityGlobals) = postSolution
		SolutionGuid = {333B70EC-1E0E-4898-9B1A-B75FB185A988}
	EndGlobalSection
EndGlobal
